# THIS IS AN AUTOGENERATED FILE. DO NOT EDIT THIS FILE DIRECTLY.
# yarn lockfile v1


jotai@^2.1.0:
  version "2.1.0"
  resolved "https://registry.yarnpkg.com/jotai/-/jotai-2.1.0.tgz#b1a9525345518453802e4a64d99e2800598bab76"
  integrity sha512-fR82PtHAmEQrc/daMEYGc4EteW96/b6wodtDSCzLvoJA/6y4YG70er4hh2f8CYwYjqwQ0eZUModGfG4DmwkTyQ==
